{
    "version": 3,
    "terraform_version": "0.11.7",
    "serial": 10,
    "lineage": "e9560928-af73-6be2-1e81-a248aaba7641",
    "modules": [
        {
            "path": [
                "root"
            ],
            "outputs": {},
            "resources": {},
            "depends_on": []
        },
        {
            "path": [
                "root",
                "application_sydney"
            ],
            "outputs": {
                "srv_public_dns": {
                    "sensitive": false,
                    "type": "list",
                    "value": [
                        "ec2-13-211-233-213.ap-southeast-2.compute.amazonaws.com",
                        "ec2-13-211-145-12.ap-southeast-2.compute.amazonaws.com"
                    ]
                }
            },
            "resources": {
                "aws_instance.web-srv.0": {
                    "type": "aws_instance",
                    "depends_on": [],
                    "primary": {
                        "id": "i-00909f29325c0dff4",
                        "attributes": {
                            "ami": "ami-963cecf4",
                            "associate_public_ip_address": "true",
                            "availability_zone": "ap-southeast-2a",
                            "credit_specification.#": "1",
                            "credit_specification.0.cpu_credits": "standard",
                            "disable_api_termination": "false",
                            "ebs_block_device.#": "0",
                            "ebs_optimized": "false",
                            "ephemeral_block_device.#": "0",
                            "get_password_data": "false",
                            "iam_instance_profile": "EC2-S3-ReadOnly",
                            "id": "i-00909f29325c0dff4",
                            "instance_state": "running",
                            "instance_type": "t2.micro",
                            "ipv6_addresses.#": "0",
                            "key_name": "jorgehrn-ap-southeast-2",
                            "monitoring": "false",
                            "network_interface.#": "0",
                            "network_interface_id": "eni-0d30d8dbc06c6959c",
                            "password_data": "",
                            "placement_group": "",
                            "primary_network_interface_id": "eni-0d30d8dbc06c6959c",
                            "private_dns": "ip-172-31-32-195.ap-southeast-2.compute.internal",
                            "private_ip": "172.31.32.195",
                            "public_dns": "ec2-13-211-233-213.ap-southeast-2.compute.amazonaws.com",
                            "public_ip": "13.211.233.213",
                            "root_block_device.#": "1",
                            "root_block_device.0.delete_on_termination": "true",
                            "root_block_device.0.iops": "100",
                            "root_block_device.0.volume_id": "vol-05bc870973da39cf6",
                            "root_block_device.0.volume_size": "8",
                            "root_block_device.0.volume_type": "gp2",
                            "security_groups.#": "1",
                            "security_groups.4087471048": "Default-SG",
                            "source_dest_check": "true",
                            "subnet_id": "subnet-543b7f1d",
                            "tags.%": "1",
                            "tags.Name": "web-srv-ap-southeast-2-0",
                            "tenancy": "default",
                            "user_data": "d3064671a0e81c062b17aed1ff2df8216d1d60ee",
                            "volume_tags.%": "0",
                            "vpc_security_group_ids.#": "1",
                            "vpc_security_group_ids.1689724668": "sg-001c7a9fa0fe3c057"
                        },
                        "meta": {
                            "e2bfb730-ecaa-11e6-8f88-34363bc7c4c0": {
                                "create": 600000000000,
                                "delete": 1200000000000,
                                "update": 600000000000
                            },
                            "schema_version": "1"
                        },
                        "tainted": false
                    },
                    "deposed": [],
                    "provider": "module.application_sydney.provider.aws"
                },
                "aws_instance.web-srv.1": {
                    "type": "aws_instance",
                    "depends_on": [],
                    "primary": {
                        "id": "i-0fb9d2bc61c757267",
                        "attributes": {
                            "ami": "ami-963cecf4",
                            "associate_public_ip_address": "true",
                            "availability_zone": "ap-southeast-2b",
                            "credit_specification.#": "1",
                            "credit_specification.0.cpu_credits": "standard",
                            "disable_api_termination": "false",
                            "ebs_block_device.#": "0",
                            "ebs_optimized": "false",
                            "ephemeral_block_device.#": "0",
                            "get_password_data": "false",
                            "iam_instance_profile": "EC2-S3-ReadOnly",
                            "id": "i-0fb9d2bc61c757267",
                            "instance_state": "running",
                            "instance_type": "t2.micro",
                            "ipv6_addresses.#": "0",
                            "key_name": "jorgehrn-ap-southeast-2",
                            "monitoring": "false",
                            "network_interface.#": "0",
                            "network_interface_id": "eni-0dd9e0fbf0958f63b",
                            "password_data": "",
                            "placement_group": "",
                            "primary_network_interface_id": "eni-0dd9e0fbf0958f63b",
                            "private_dns": "ip-172-31-1-188.ap-southeast-2.compute.internal",
                            "private_ip": "172.31.1.188",
                            "public_dns": "ec2-13-211-145-12.ap-southeast-2.compute.amazonaws.com",
                            "public_ip": "13.211.145.12",
                            "root_block_device.#": "1",
                            "root_block_device.0.delete_on_termination": "true",
                            "root_block_device.0.iops": "100",
                            "root_block_device.0.volume_id": "vol-027a4921da2e48218",
                            "root_block_device.0.volume_size": "8",
                            "root_block_device.0.volume_type": "gp2",
                            "security_groups.#": "1",
                            "security_groups.4087471048": "Default-SG",
                            "source_dest_check": "true",
                            "subnet_id": "subnet-b9c48fde",
                            "tags.%": "1",
                            "tags.Name": "web-srv-ap-southeast-2-1",
                            "tenancy": "default",
                            "user_data": "fb547e206dd640454ff5798f487e574f512efa11",
                            "volume_tags.%": "0",
                            "vpc_security_group_ids.#": "1",
                            "vpc_security_group_ids.1689724668": "sg-001c7a9fa0fe3c057"
                        },
                        "meta": {
                            "e2bfb730-ecaa-11e6-8f88-34363bc7c4c0": {
                                "create": 600000000000,
                                "delete": 1200000000000,
                                "update": 600000000000
                            },
                            "schema_version": "1"
                        },
                        "tainted": false
                    },
                    "deposed": [],
                    "provider": "module.application_sydney.provider.aws"
                }
            },
            "depends_on": []
        },
        {
            "path": [
                "root",
                "application_virginia"
            ],
            "outputs": {
                "srv_public_dns": {
                    "sensitive": false,
                    "type": "list",
                    "value": [
                        "ec2-18-207-203-191.compute-1.amazonaws.com",
                        "ec2-54-204-83-126.compute-1.amazonaws.com"
                    ]
                }
            },
            "resources": {
                "aws_instance.web-srv.0": {
                    "type": "aws_instance",
                    "depends_on": [],
                    "primary": {
                        "id": "i-07bfab84c187eaa83",
                        "attributes": {
                            "ami": "ami-a4dc46db",
                            "associate_public_ip_address": "true",
                            "availability_zone": "us-east-1a",
                            "credit_specification.#": "1",
                            "credit_specification.0.cpu_credits": "standard",
                            "disable_api_termination": "false",
                            "ebs_block_device.#": "0",
                            "ebs_optimized": "false",
                            "ephemeral_block_device.#": "0",
                            "get_password_data": "false",
                            "iam_instance_profile": "EC2-S3-ReadOnly",
                            "id": "i-07bfab84c187eaa83",
                            "instance_state": "running",
                            "instance_type": "t2.micro",
                            "ipv6_addresses.#": "0",
                            "key_name": "jorgehrn-us-east-1",
                            "monitoring": "false",
                            "network_interface.#": "0",
                            "network_interface_id": "eni-01c9bcf3fb617e750",
                            "password_data": "",
                            "placement_group": "",
                            "primary_network_interface_id": "eni-01c9bcf3fb617e750",
                            "private_dns": "ip-172-31-88-189.ec2.internal",
                            "private_ip": "172.31.88.189",
                            "public_dns": "ec2-18-207-203-191.compute-1.amazonaws.com",
                            "public_ip": "18.207.203.191",
                            "root_block_device.#": "1",
                            "root_block_device.0.delete_on_termination": "true",
                            "root_block_device.0.iops": "100",
                            "root_block_device.0.volume_id": "vol-0716025efd44b2a6f",
                            "root_block_device.0.volume_size": "8",
                            "root_block_device.0.volume_type": "gp2",
                            "security_groups.#": "1",
                            "security_groups.4087471048": "Default-SG",
                            "source_dest_check": "true",
                            "subnet_id": "subnet-07f90829",
                            "tags.%": "1",
                            "tags.Name": "web-srv-us-east-1-0",
                            "tenancy": "default",
                            "user_data": "3058e5ce5811e926fe90661fb293f8d7179c7b2f",
                            "volume_tags.%": "0",
                            "vpc_security_group_ids.#": "1",
                            "vpc_security_group_ids.1456152644": "sg-06cefd00513fda0f4"
                        },
                        "meta": {
                            "e2bfb730-ecaa-11e6-8f88-34363bc7c4c0": {
                                "create": 600000000000,
                                "delete": 1200000000000,
                                "update": 600000000000
                            },
                            "schema_version": "1"
                        },
                        "tainted": false
                    },
                    "deposed": [],
                    "provider": "module.application_virginia.provider.aws"
                },
                "aws_instance.web-srv.1": {
                    "type": "aws_instance",
                    "depends_on": [],
                    "primary": {
                        "id": "i-0e1cb42b6ccd1138a",
                        "attributes": {
                            "ami": "ami-a4dc46db",
                            "associate_public_ip_address": "true",
                            "availability_zone": "us-east-1b",
                            "credit_specification.#": "1",
                            "credit_specification.0.cpu_credits": "standard",
                            "disable_api_termination": "false",
                            "ebs_block_device.#": "0",
                            "ebs_optimized": "false",
                            "ephemeral_block_device.#": "0",
                            "get_password_data": "false",
                            "iam_instance_profile": "EC2-S3-ReadOnly",
                            "id": "i-0e1cb42b6ccd1138a",
                            "instance_state": "running",
                            "instance_type": "t2.micro",
                            "ipv6_addresses.#": "0",
                            "key_name": "jorgehrn-us-east-1",
                            "monitoring": "false",
                            "network_interface.#": "0",
                            "network_interface_id": "eni-03d3e45a5e0da619a",
                            "password_data": "",
                            "placement_group": "",
                            "primary_network_interface_id": "eni-03d3e45a5e0da619a",
                            "private_dns": "ip-172-31-25-193.ec2.internal",
                            "private_ip": "172.31.25.193",
                            "public_dns": "ec2-54-204-83-126.compute-1.amazonaws.com",
                            "public_ip": "54.204.83.126",
                            "root_block_device.#": "1",
                            "root_block_device.0.delete_on_termination": "true",
                            "root_block_device.0.iops": "100",
                            "root_block_device.0.volume_id": "vol-0864f2d09255ec0ca",
                            "root_block_device.0.volume_size": "8",
                            "root_block_device.0.volume_type": "gp2",
                            "security_groups.#": "1",
                            "security_groups.4087471048": "Default-SG",
                            "source_dest_check": "true",
                            "subnet_id": "subnet-88aa11c2",
                            "tags.%": "1",
                            "tags.Name": "web-srv-us-east-1-1",
                            "tenancy": "default",
                            "user_data": "4994546b0bce61af21076361a4d9df03917a2a9f",
                            "volume_tags.%": "0",
                            "vpc_security_group_ids.#": "1",
                            "vpc_security_group_ids.1456152644": "sg-06cefd00513fda0f4"
                        },
                        "meta": {
                            "e2bfb730-ecaa-11e6-8f88-34363bc7c4c0": {
                                "create": 600000000000,
                                "delete": 1200000000000,
                                "update": 600000000000
                            },
                            "schema_version": "1"
                        },
                        "tainted": false
                    },
                    "deposed": [],
                    "provider": "module.application_virginia.provider.aws"
                }
            },
            "depends_on": []
        }
    ]
}
